
Microsoft Visual Studio Solution File, Format Version 12.00
# Visual Studio Version 17
VisualStudioVersion = 17.4.33110.190
MinimumVisualStudioVersion = 10.0.40219.1
Project("{9A19103F-16F7-4668-BE54-9A1E7A4F7556}") = "WebAPI", "WebAPI\WebAPI.csproj", "{4E9F8817-8326-4DF5-9832-DABBDA5CC2FE}"
EndProject
Project("{9A19103F-16F7-4668-BE54-9A1E7A4F7556}") = "Model", "Model\Model.csproj", "{D904C3F5-DAD6-47C8-B498-86FB79A63853}"
EndProject
Project("{9A19103F-16F7-4668-BE54-9A1E7A4F7556}") = "DataAccess", "DataAccess\DataAccess.csproj", "{2CE2A242-6D48-4612-8363-4794EA6B5E1C}"
EndProject
Project("{9A19103F-16F7-4668-BE54-9A1E7A4F7556}") = "Business", "Business\Business.csproj", "{5E5B90C5-4D9A-48B4-B613-F28A730B7261}"
EndProject
Project("{9A19103F-16F7-4668-BE54-9A1E7A4F7556}") = "Core", "Core\Core.csproj", "{0C921D2D-C125-464A-8471-C1661983ADF3}"
EndProject
Global
	GlobalSection(SolutionConfigurationPlatforms) = preSolution
		Debug|Any CPU = Debug|Any CPU
		Release|Any CPU = Release|Any CPU
	EndGlobalSection
	GlobalSection(ProjectConfigurationPlatforms) = postSolution
		{4E9F8817-8326-4DF5-9832-DABBDA5CC2FE}.Debug|Any CPU.ActiveCfg = Debug|Any CPU
		{4E9F8817-8326-4DF5-9832-DABBDA5CC2FE}.Debug|Any CPU.Build.0 = Debug|Any CPU
		{4E9F8817-8326-4DF5-9832-DABBDA5CC2FE}.Release|Any CPU.ActiveCfg = Release|Any CPU
		{4E9F8817-8326-4DF5-9832-DABBDA5CC2FE}.Release|Any CPU.Build.0 = Release|Any CPU
		{D904C3F5-DAD6-47C8-B498-86FB79A63853}.Debug|Any CPU.ActiveCfg = Debug|Any CPU
		{D904C3F5-DAD6-47C8-B498-86FB79A63853}.Debug|Any CPU.Build.0 = Debug|Any CPU
		{D904C3F5-DAD6-47C8-B498-86FB79A63853}.Release|Any CPU.ActiveCfg = Release|Any CPU
		{D904C3F5-DAD6-47C8-B498-86FB79A63853}.Release|Any CPU.Build.0 = Release|Any CPU
		{2CE2A242-6D48-4612-8363-4794EA6B5E1C}.Debug|Any CPU.ActiveCfg = Debug|Any CPU
		{2CE2A242-6D48-4612-8363-4794EA6B5E1C}.Debug|Any CPU.Build.0 = Debug|Any CPU
		{2CE2A242-6D48-4612-8363-4794EA6B5E1C}.Release|Any CPU.ActiveCfg = Release|Any CPU
		{2CE2A242-6D48-4612-8363-4794EA6B5E1C}.Release|Any CPU.Build.0 = Release|Any CPU
		{5E5B90C5-4D9A-48B4-B613-F28A730B7261}.Debug|Any CPU.ActiveCfg = Debug|Any CPU
		{5E5B90C5-4D9A-48B4-B613-F28A730B7261}.Debug|Any CPU.Build.0 = Debug|Any CPU
		{5E5B90C5-4D9A-48B4-B613-F28A730B7261}.Release|Any CPU.ActiveCfg = Release|Any CPU
		{5E5B90C5-4D9A-48B4-B613-F28A730B7261}.Release|Any CPU.Build.0 = Release|Any CPU
		{0C921D2D-C125-464A-8471-C1661983ADF3}.Debug|Any CPU.ActiveCfg = Debug|Any CPU
		{0C921D2D-C125-464A-8471-C1661983ADF3}.Debug|Any CPU.Build.0 = Debug|Any CPU
		{0C921D2D-C125-464A-8471-C1661983ADF3}.Release|Any CPU.ActiveCfg = Release|Any CPU
		{0C921D2D-C125-464A-8471-C1661983ADF3}.Release|Any CPU.Build.0 = Release|Any CPU
	EndGlobalSection
	GlobalSection(SolutionProperties) = preSolution
		HideSolutionNode = FALSE
	EndGlobalSection
	GlobalSection(ExtensibilityGlobals) = postSolution
		SolutionGuid = {1993C344-068B-4C12-982D-DB8A0A7A1E57}
	EndGlobalSection
EndGlobal
